
Microsoft Visual Studio Solution File, Format Version 12.00
# Visual Studio Version 17
VisualStudioVersion = 17.2.32317.152
MinimumVisualStudioVersion = 10.0.40219.1
Project("{9A19103F-16F7-4668-BE54-9A1E7A4F7556}") = "Library", "Library\Library.csproj", "{EA3CF7D6-CDB9-4406-9842-8182598FC95E}"
EndProject
Project("{9A19103F-16F7-4668-BE54-9A1E7A4F7556}") = "FrontDesk", "FrontDesk\FrontDesk.csproj", "{2E5D84CF-02C2-40D5-926D-D805D12743FE}"
EndProject
Project("{9A19103F-16F7-4668-BE54-9A1E7A4F7556}") = "CustomerBooking", "CustomerBooking\CustomerBooking.csproj", "{AE084DA9-258C-425D-B339-51685C16B888}"
EndProject
Global
	GlobalSection(SolutionConfigurationPlatforms) = preSolution
		Debug|Any CPU = Debug|Any CPU
		Debug|iPhone = Debug|iPhone
		Debug|iPhoneSimulator = Debug|iPhoneSimulator
		Release|Any CPU = Release|Any CPU
		Release|iPhone = Release|iPhone
		Release|iPhoneSimulator = Release|iPhoneSimulator
	EndGlobalSection
	GlobalSection(ProjectConfigurationPlatforms) = postSolution
		{EA3CF7D6-CDB9-4406-9842-8182598FC95E}.Debug|Any CPU.ActiveCfg = Debug|Any CPU
		{EA3CF7D6-CDB9-4406-9842-8182598FC95E}.Debug|Any CPU.Build.0 = Debug|Any CPU
		{EA3CF7D6-CDB9-4406-9842-8182598FC95E}.Debug|iPhone.ActiveCfg = Debug|Any CPU
		{EA3CF7D6-CDB9-4406-9842-8182598FC95E}.Debug|iPhone.Build.0 = Debug|Any CPU
		{EA3CF7D6-CDB9-4406-9842-8182598FC95E}.Debug|iPhoneSimulator.ActiveCfg = Debug|Any CPU
		{EA3CF7D6-CDB9-4406-9842-8182598FC95E}.Debug|iPhoneSimulator.Build.0 = Debug|Any CPU
		{EA3CF7D6-CDB9-4406-9842-8182598FC95E}.Release|Any CPU.ActiveCfg = Release|Any CPU
		{EA3CF7D6-CDB9-4406-9842-8182598FC95E}.Release|Any CPU.Build.0 = Release|Any CPU
		{EA3CF7D6-CDB9-4406-9842-8182598FC95E}.Release|iPhone.ActiveCfg = Release|Any CPU
		{EA3CF7D6-CDB9-4406-9842-8182598FC95E}.Release|iPhone.Build.0 = Release|Any CPU
		{EA3CF7D6-CDB9-4406-9842-8182598FC95E}.Release|iPhoneSimulator.ActiveCfg = Release|Any CPU
		{EA3CF7D6-CDB9-4406-9842-8182598FC95E}.Release|iPhoneSimulator.Build.0 = Release|Any CPU
		{2E5D84CF-02C2-40D5-926D-D805D12743FE}.Debug|Any CPU.ActiveCfg = Debug|Any CPU
		{2E5D84CF-02C2-40D5-926D-D805D12743FE}.Debug|Any CPU.Build.0 = Debug|Any CPU
		{2E5D84CF-02C2-40D5-926D-D805D12743FE}.Debug|iPhone.ActiveCfg = Debug|Any CPU
		{2E5D84CF-02C2-40D5-926D-D805D12743FE}.Debug|iPhone.Build.0 = Debug|Any CPU
		{2E5D84CF-02C2-40D5-926D-D805D12743FE}.Debug|iPhoneSimulator.ActiveCfg = Debug|Any CPU
		{2E5D84CF-02C2-40D5-926D-D805D12743FE}.Debug|iPhoneSimulator.Build.0 = Debug|Any CPU
		{2E5D84CF-02C2-40D5-926D-D805D12743FE}.Release|Any CPU.ActiveCfg = Release|Any CPU
		{2E5D84CF-02C2-40D5-926D-D805D12743FE}.Release|Any CPU.Build.0 = Release|Any CPU
		{2E5D84CF-02C2-40D5-926D-D805D12743FE}.Release|iPhone.ActiveCfg = Release|Any CPU
		{2E5D84CF-02C2-40D5-926D-D805D12743FE}.Release|iPhone.Build.0 = Release|Any CPU
		{2E5D84CF-02C2-40D5-926D-D805D12743FE}.Release|iPhoneSimulator.ActiveCfg = Release|Any CPU
		{2E5D84CF-02C2-40D5-926D-D805D12743FE}.Release|iPhoneSimulator.Build.0 = Release|Any CPU
		{AE084DA9-258C-425D-B339-51685C16B888}.Debug|Any CPU.ActiveCfg = Debug|Any CPU
		{AE084DA9-258C-425D-B339-51685C16B888}.Debug|Any CPU.Build.0 = Debug|Any CPU
		{AE084DA9-258C-425D-B339-51685C16B888}.Debug|iPhone.ActiveCfg = Debug|Any CPU
		{AE084DA9-258C-425D-B339-51685C16B888}.Debug|iPhone.Build.0 = Debug|Any CPU
		{AE084DA9-258C-425D-B339-51685C16B888}.Debug|iPhoneSimulator.ActiveCfg = Debug|Any CPU
		{AE084DA9-258C-425D-B339-51685C16B888}.Debug|iPhoneSimulator.Build.0 = Debug|Any CPU
		{AE084DA9-258C-425D-B339-51685C16B888}.Release|Any CPU.ActiveCfg = Release|Any CPU
		{AE084DA9-258C-425D-B339-51685C16B888}.Release|Any CPU.Build.0 = Release|Any CPU
		{AE084DA9-258C-425D-B339-51685C16B888}.Release|iPhone.ActiveCfg = Release|Any CPU
		{AE084DA9-258C-425D-B339-51685C16B888}.Release|iPhone.Build.0 = Release|Any CPU
		{AE084DA9-258C-425D-B339-51685C16B888}.Release|iPhoneSimulator.ActiveCfg = Release|Any CPU
		{AE084DA9-258C-425D-B339-51685C16B888}.Release|iPhoneSimulator.Build.0 = Release|Any CPU
	EndGlobalSection
	GlobalSection(SolutionProperties) = preSolution
		HideSolutionNode = FALSE
	EndGlobalSection
	GlobalSection(ExtensibilityGlobals) = postSolution
		SolutionGuid = {748D38B2-CD9B-4D60-B7EE-4A22D5CC78D5}
	EndGlobalSection
EndGlobal
