
Microsoft Visual Studio Solution File, Format Version 12.00
# Visual Studio Version 17
VisualStudioVersion = 17.2.32317.152
MinimumVisualStudioVersion = 10.0.40219.1
Project("{9A19103F-16F7-4668-BE54-9A1E7A4F7556}") = "Library", "Library\Library.csproj", "{EA3CF7D6-CDB9-4406-9842-8182598FC95E}"
EndProject
Project("{9A19103F-16F7-4668-BE54-9A1E7A4F7556}") = "FrontDesk", "FrontDesk\FrontDesk.csproj", "{2C5749F5-CDC8-4495-9F75-9289866EE56C}"
EndProject
Project("{9A19103F-16F7-4668-BE54-9A1E7A4F7556}") = "RoomService", "RoomService\RoomService.csproj", "{FF9E190B-5CD6-4B0C-B5F5-1EF5D0094BF5}"
EndProject
Project("{9A19103F-16F7-4668-BE54-9A1E7A4F7556}") = "CustomerBookingOld", "CustomerBookingOld\CustomerBookingOld.csproj", "{42EC33ED-A763-4663-9BBE-44BB431747E7}"
EndProject
Project("{9A19103F-16F7-4668-BE54-9A1E7A4F7556}") = "CustomerBooking", "CustomerBooking\CustomerBooking.csproj", "{A4637658-366E-4464-9193-3F147E88139C}"
EndProject
Project("{9A19103F-16F7-4668-BE54-9A1E7A4F7556}") = "BlazingCustomerBooking", "BlazingCustomerBooking\BlazingCustomerBooking.csproj", "{E19EABE8-0126-409D-BA64-FD52B2F9E57B}"
EndProject
Global
	GlobalSection(SolutionConfigurationPlatforms) = preSolution
		Debug|Any CPU = Debug|Any CPU
		Debug|iPhone = Debug|iPhone
		Debug|iPhoneSimulator = Debug|iPhoneSimulator
		Release|Any CPU = Release|Any CPU
		Release|iPhone = Release|iPhone
		Release|iPhoneSimulator = Release|iPhoneSimulator
	EndGlobalSection
	GlobalSection(ProjectConfigurationPlatforms) = postSolution
		{EA3CF7D6-CDB9-4406-9842-8182598FC95E}.Debug|Any CPU.ActiveCfg = Debug|Any CPU
		{EA3CF7D6-CDB9-4406-9842-8182598FC95E}.Debug|Any CPU.Build.0 = Debug|Any CPU
		{EA3CF7D6-CDB9-4406-9842-8182598FC95E}.Debug|iPhone.ActiveCfg = Debug|Any CPU
		{EA3CF7D6-CDB9-4406-9842-8182598FC95E}.Debug|iPhone.Build.0 = Debug|Any CPU
		{EA3CF7D6-CDB9-4406-9842-8182598FC95E}.Debug|iPhoneSimulator.ActiveCfg = Debug|Any CPU
		{EA3CF7D6-CDB9-4406-9842-8182598FC95E}.Debug|iPhoneSimulator.Build.0 = Debug|Any CPU
		{EA3CF7D6-CDB9-4406-9842-8182598FC95E}.Release|Any CPU.ActiveCfg = Release|Any CPU
		{EA3CF7D6-CDB9-4406-9842-8182598FC95E}.Release|Any CPU.Build.0 = Release|Any CPU
		{EA3CF7D6-CDB9-4406-9842-8182598FC95E}.Release|iPhone.ActiveCfg = Release|Any CPU
		{EA3CF7D6-CDB9-4406-9842-8182598FC95E}.Release|iPhone.Build.0 = Release|Any CPU
		{EA3CF7D6-CDB9-4406-9842-8182598FC95E}.Release|iPhoneSimulator.ActiveCfg = Release|Any CPU
		{EA3CF7D6-CDB9-4406-9842-8182598FC95E}.Release|iPhoneSimulator.Build.0 = Release|Any CPU
		{2C5749F5-CDC8-4495-9F75-9289866EE56C}.Debug|Any CPU.ActiveCfg = Debug|Any CPU
		{2C5749F5-CDC8-4495-9F75-9289866EE56C}.Debug|Any CPU.Build.0 = Debug|Any CPU
		{2C5749F5-CDC8-4495-9F75-9289866EE56C}.Debug|iPhone.ActiveCfg = Debug|Any CPU
		{2C5749F5-CDC8-4495-9F75-9289866EE56C}.Debug|iPhone.Build.0 = Debug|Any CPU
		{2C5749F5-CDC8-4495-9F75-9289866EE56C}.Debug|iPhoneSimulator.ActiveCfg = Debug|Any CPU
		{2C5749F5-CDC8-4495-9F75-9289866EE56C}.Debug|iPhoneSimulator.Build.0 = Debug|Any CPU
		{2C5749F5-CDC8-4495-9F75-9289866EE56C}.Release|Any CPU.ActiveCfg = Release|Any CPU
		{2C5749F5-CDC8-4495-9F75-9289866EE56C}.Release|Any CPU.Build.0 = Release|Any CPU
		{2C5749F5-CDC8-4495-9F75-9289866EE56C}.Release|iPhone.ActiveCfg = Release|Any CPU
		{2C5749F5-CDC8-4495-9F75-9289866EE56C}.Release|iPhone.Build.0 = Release|Any CPU
		{2C5749F5-CDC8-4495-9F75-9289866EE56C}.Release|iPhoneSimulator.ActiveCfg = Release|Any CPU
		{2C5749F5-CDC8-4495-9F75-9289866EE56C}.Release|iPhoneSimulator.Build.0 = Release|Any CPU
		{FF9E190B-5CD6-4B0C-B5F5-1EF5D0094BF5}.Debug|Any CPU.ActiveCfg = Debug|Any CPU
		{FF9E190B-5CD6-4B0C-B5F5-1EF5D0094BF5}.Debug|Any CPU.Build.0 = Debug|Any CPU
		{FF9E190B-5CD6-4B0C-B5F5-1EF5D0094BF5}.Debug|iPhone.ActiveCfg = Debug|Any CPU
		{FF9E190B-5CD6-4B0C-B5F5-1EF5D0094BF5}.Debug|iPhone.Build.0 = Debug|Any CPU
		{FF9E190B-5CD6-4B0C-B5F5-1EF5D0094BF5}.Debug|iPhoneSimulator.ActiveCfg = Debug|Any CPU
		{FF9E190B-5CD6-4B0C-B5F5-1EF5D0094BF5}.Debug|iPhoneSimulator.Build.0 = Debug|Any CPU
		{FF9E190B-5CD6-4B0C-B5F5-1EF5D0094BF5}.Release|Any CPU.ActiveCfg = Release|Any CPU
		{FF9E190B-5CD6-4B0C-B5F5-1EF5D0094BF5}.Release|Any CPU.Build.0 = Release|Any CPU
		{FF9E190B-5CD6-4B0C-B5F5-1EF5D0094BF5}.Release|iPhone.ActiveCfg = Release|Any CPU
		{FF9E190B-5CD6-4B0C-B5F5-1EF5D0094BF5}.Release|iPhone.Build.0 = Release|Any CPU
		{FF9E190B-5CD6-4B0C-B5F5-1EF5D0094BF5}.Release|iPhoneSimulator.ActiveCfg = Release|Any CPU
		{FF9E190B-5CD6-4B0C-B5F5-1EF5D0094BF5}.Release|iPhoneSimulator.Build.0 = Release|Any CPU
		{42EC33ED-A763-4663-9BBE-44BB431747E7}.Debug|Any CPU.ActiveCfg = Debug|Any CPU
		{42EC33ED-A763-4663-9BBE-44BB431747E7}.Debug|Any CPU.Build.0 = Debug|Any CPU
		{42EC33ED-A763-4663-9BBE-44BB431747E7}.Debug|iPhone.ActiveCfg = Debug|Any CPU
		{42EC33ED-A763-4663-9BBE-44BB431747E7}.Debug|iPhone.Build.0 = Debug|Any CPU
		{42EC33ED-A763-4663-9BBE-44BB431747E7}.Debug|iPhoneSimulator.ActiveCfg = Debug|Any CPU
		{42EC33ED-A763-4663-9BBE-44BB431747E7}.Debug|iPhoneSimulator.Build.0 = Debug|Any CPU
		{42EC33ED-A763-4663-9BBE-44BB431747E7}.Release|Any CPU.ActiveCfg = Release|Any CPU
		{42EC33ED-A763-4663-9BBE-44BB431747E7}.Release|Any CPU.Build.0 = Release|Any CPU
		{42EC33ED-A763-4663-9BBE-44BB431747E7}.Release|iPhone.ActiveCfg = Release|Any CPU
		{42EC33ED-A763-4663-9BBE-44BB431747E7}.Release|iPhone.Build.0 = Release|Any CPU
		{42EC33ED-A763-4663-9BBE-44BB431747E7}.Release|iPhoneSimulator.ActiveCfg = Release|Any CPU
		{42EC33ED-A763-4663-9BBE-44BB431747E7}.Release|iPhoneSimulator.Build.0 = Release|Any CPU
		{A4637658-366E-4464-9193-3F147E88139C}.Debug|Any CPU.ActiveCfg = Debug|Any CPU
		{A4637658-366E-4464-9193-3F147E88139C}.Debug|Any CPU.Build.0 = Debug|Any CPU
		{A4637658-366E-4464-9193-3F147E88139C}.Debug|iPhone.ActiveCfg = Debug|Any CPU
		{A4637658-366E-4464-9193-3F147E88139C}.Debug|iPhone.Build.0 = Debug|Any CPU
		{A4637658-366E-4464-9193-3F147E88139C}.Debug|iPhoneSimulator.ActiveCfg = Debug|Any CPU
		{A4637658-366E-4464-9193-3F147E88139C}.Debug|iPhoneSimulator.Build.0 = Debug|Any CPU
		{A4637658-366E-4464-9193-3F147E88139C}.Release|Any CPU.ActiveCfg = Release|Any CPU
		{A4637658-366E-4464-9193-3F147E88139C}.Release|Any CPU.Build.0 = Release|Any CPU
		{A4637658-366E-4464-9193-3F147E88139C}.Release|iPhone.ActiveCfg = Release|Any CPU
		{A4637658-366E-4464-9193-3F147E88139C}.Release|iPhone.Build.0 = Release|Any CPU
		{A4637658-366E-4464-9193-3F147E88139C}.Release|iPhoneSimulator.ActiveCfg = Release|Any CPU
		{A4637658-366E-4464-9193-3F147E88139C}.Release|iPhoneSimulator.Build.0 = Release|Any CPU
		{E19EABE8-0126-409D-BA64-FD52B2F9E57B}.Debug|Any CPU.ActiveCfg = Debug|Any CPU
		{E19EABE8-0126-409D-BA64-FD52B2F9E57B}.Debug|Any CPU.Build.0 = Debug|Any CPU
		{E19EABE8-0126-409D-BA64-FD52B2F9E57B}.Debug|iPhone.ActiveCfg = Debug|Any CPU
		{E19EABE8-0126-409D-BA64-FD52B2F9E57B}.Debug|iPhone.Build.0 = Debug|Any CPU
		{E19EABE8-0126-409D-BA64-FD52B2F9E57B}.Debug|iPhoneSimulator.ActiveCfg = Debug|Any CPU
		{E19EABE8-0126-409D-BA64-FD52B2F9E57B}.Debug|iPhoneSimulator.Build.0 = Debug|Any CPU
		{E19EABE8-0126-409D-BA64-FD52B2F9E57B}.Release|Any CPU.ActiveCfg = Release|Any CPU
		{E19EABE8-0126-409D-BA64-FD52B2F9E57B}.Release|Any CPU.Build.0 = Release|Any CPU
		{E19EABE8-0126-409D-BA64-FD52B2F9E57B}.Release|iPhone.ActiveCfg = Release|Any CPU
		{E19EABE8-0126-409D-BA64-FD52B2F9E57B}.Release|iPhone.Build.0 = Release|Any CPU
		{E19EABE8-0126-409D-BA64-FD52B2F9E57B}.Release|iPhoneSimulator.ActiveCfg = Release|Any CPU
		{E19EABE8-0126-409D-BA64-FD52B2F9E57B}.Release|iPhoneSimulator.Build.0 = Release|Any CPU
	EndGlobalSection
	GlobalSection(SolutionProperties) = preSolution
		HideSolutionNode = FALSE
	EndGlobalSection
	GlobalSection(ExtensibilityGlobals) = postSolution
		SolutionGuid = {748D38B2-CD9B-4D60-B7EE-4A22D5CC78D5}
	EndGlobalSection
EndGlobal
